
Microsoft Visual Studio Solution File, Format Version 12.00
# Visual Studio 15
VisualStudioVersion = 15.0.28010.2050
MinimumVisualStudioVersion = 10.0.40219.1
Project("{9A19103F-16F7-4668-BE54-9A1E7A4F7556}") = "ApiTest", "ApiTest\ApiTest.csproj", "{82F9FAC2-647C-470C-BC7F-01CF0FD68125}"
EndProject
Project("{9A19103F-16F7-4668-BE54-9A1E7A4F7556}") = "ApiTestNuGet", "ApiTestNuGet\ApiTestNuGet.csproj", "{46897C3A-0A30-4DE4-91B1-CBFC874E8A42}"
EndProject
Project("{9A19103F-16F7-4668-BE54-9A1E7A4F7556}") = "FateGrandOrderApi", "FateGrandOrderAPI\FateGrandOrderApi.csproj", "{B798E0F1-B2ED-4C88-B331-F1333642A9B5}"
EndProject
Global
	GlobalSection(SolutionConfigurationPlatforms) = preSolution
		Debug|Any CPU = Debug|Any CPU
		Release|Any CPU = Release|Any CPU
	EndGlobalSection
	GlobalSection(ProjectConfigurationPlatforms) = postSolution
		{82F9FAC2-647C-470C-BC7F-01CF0FD68125}.Debug|Any CPU.ActiveCfg = Debug|Any CPU
		{82F9FAC2-647C-470C-BC7F-01CF0FD68125}.Debug|Any CPU.Build.0 = Debug|Any CPU
		{82F9FAC2-647C-470C-BC7F-01CF0FD68125}.Release|Any CPU.ActiveCfg = Release|Any CPU
		{82F9FAC2-647C-470C-BC7F-01CF0FD68125}.Release|Any CPU.Build.0 = Release|Any CPU
		{46897C3A-0A30-4DE4-91B1-CBFC874E8A42}.Debug|Any CPU.ActiveCfg = Debug|Any CPU
		{46897C3A-0A30-4DE4-91B1-CBFC874E8A42}.Debug|Any CPU.Build.0 = Debug|Any CPU
		{46897C3A-0A30-4DE4-91B1-CBFC874E8A42}.Release|Any CPU.ActiveCfg = Release|Any CPU
		{46897C3A-0A30-4DE4-91B1-CBFC874E8A42}.Release|Any CPU.Build.0 = Release|Any CPU
		{B798E0F1-B2ED-4C88-B331-F1333642A9B5}.Debug|Any CPU.ActiveCfg = Debug|Any CPU
		{B798E0F1-B2ED-4C88-B331-F1333642A9B5}.Debug|Any CPU.Build.0 = Debug|Any CPU
		{B798E0F1-B2ED-4C88-B331-F1333642A9B5}.Release|Any CPU.ActiveCfg = Release|Any CPU
		{B798E0F1-B2ED-4C88-B331-F1333642A9B5}.Release|Any CPU.Build.0 = Release|Any CPU
	EndGlobalSection
	GlobalSection(SolutionProperties) = preSolution
		HideSolutionNode = FALSE
	EndGlobalSection
	GlobalSection(ExtensibilityGlobals) = postSolution
		SolutionGuid = {4816D2F3-E04A-4FC2-915B-D8DF3286B6E9}
	EndGlobalSection
EndGlobal
