
Microsoft Visual Studio Solution File, Format Version 12.00
# Visual Studio 15
VisualStudioVersion = 15.0.28010.2050
MinimumVisualStudioVersion = 10.0.40219.1
Project("{9A19103F-16F7-4668-BE54-9A1E7A4F7556}") = "FateGrandOrderAPI", "FateGrandOrderAPI\FateGrandOrderAPI.csproj", "{5C56EC83-DAE5-471D-AD72-9B2CD3734E22}"
EndProject
Project("{FAE04EC0-301F-11D3-BF4B-00C04F79EFBC}") = "ApiTest", "ApiTest\ApiTest.csproj", "{82F9FAC2-647C-470C-BC7F-01CF0FD68125}"
EndProject
Global
	GlobalSection(SolutionConfigurationPlatforms) = preSolution
		Debug|Any CPU = Debug|Any CPU
		Release|Any CPU = Release|Any CPU
	EndGlobalSection
	GlobalSection(ProjectConfigurationPlatforms) = postSolution
		{5C56EC83-DAE5-471D-AD72-9B2CD3734E22}.Debug|Any CPU.ActiveCfg = Debug|Any CPU
		{5C56EC83-DAE5-471D-AD72-9B2CD3734E22}.Debug|Any CPU.Build.0 = Debug|Any CPU
		{5C56EC83-DAE5-471D-AD72-9B2CD3734E22}.Release|Any CPU.ActiveCfg = Release|Any CPU
		{5C56EC83-DAE5-471D-AD72-9B2CD3734E22}.Release|Any CPU.Build.0 = Release|Any CPU
		{82F9FAC2-647C-470C-BC7F-01CF0FD68125}.Debug|Any CPU.ActiveCfg = Debug|Any CPU
		{82F9FAC2-647C-470C-BC7F-01CF0FD68125}.Debug|Any CPU.Build.0 = Debug|Any CPU
		{82F9FAC2-647C-470C-BC7F-01CF0FD68125}.Release|Any CPU.ActiveCfg = Release|Any CPU
		{82F9FAC2-647C-470C-BC7F-01CF0FD68125}.Release|Any CPU.Build.0 = Release|Any CPU
	EndGlobalSection
	GlobalSection(SolutionProperties) = preSolution
		HideSolutionNode = FALSE
	EndGlobalSection
	GlobalSection(ExtensibilityGlobals) = postSolution
		SolutionGuid = {4816D2F3-E04A-4FC2-915B-D8DF3286B6E9}
	EndGlobalSection
EndGlobal
